
Microsoft Visual Studio Solution File, Format Version 12.00
# Visual Studio Version 16
VisualStudioVersion = 16.0.30320.27
MinimumVisualStudioVersion = 10.0.40219.1
Project("{888888A0-9F3D-457C-B088-3A5042F75D52}") = "LearningDjango", "LearningDjango.pyproj", "{60A6D63D-11E4-457D-97FE-7F6464A4818B}"
EndProject
Global
	GlobalSection(SolutionConfigurationPlatforms) = preSolution
		Debug|Any CPU = Debug|Any CPU
		Release|Any CPU = Release|Any CPU
	EndGlobalSection
	GlobalSection(ProjectConfigurationPlatforms) = postSolution
		{60A6D63D-11E4-457D-97FE-7F6464A4818B}.Debug|Any CPU.ActiveCfg = Debug|Any CPU
		{60A6D63D-11E4-457D-97FE-7F6464A4818B}.Debug|Any CPU.Build.0 = Debug|Any CPU
		{60A6D63D-11E4-457D-97FE-7F6464A4818B}.Release|Any CPU.ActiveCfg = Release|Any CPU
		{60A6D63D-11E4-457D-97FE-7F6464A4818B}.Release|Any CPU.Build.0 = Release|Any CPU
	EndGlobalSection
	GlobalSection(SolutionProperties) = preSolution
		HideSolutionNode = FALSE
	EndGlobalSection
	GlobalSection(ExtensibilityGlobals) = postSolution
		SolutionGuid = {56BECB97-CD95-49D2-B9E1-18DA150D5E48}
	EndGlobalSection
EndGlobal
